
Microsoft Visual Studio Solution File, Format Version 12.00
# Visual Studio 15
VisualStudioVersion = 15.0.26730.16
MinimumVisualStudioVersion = 10.0.40219.1
Project("{8BC9CEB8-8B4A-11D0-8D11-00A0C91BC942}") = "Lista1", "Lista1\Lista1.vcxproj", "{82B012C1-A976-4946-9DB2-0A2ECA04F1D7}"
EndProject
Global
	GlobalSection(SolutionConfigurationPlatforms) = preSolution
		Debug|x64 = Debug|x64
		Debug|x86 = Debug|x86
		Release|x64 = Release|x64
		Release|x86 = Release|x86
	EndGlobalSection
	GlobalSection(ProjectConfigurationPlatforms) = postSolution
		{82B012C1-A976-4946-9DB2-0A2ECA04F1D7}.Debug|x64.ActiveCfg = Debug|x64
		{82B012C1-A976-4946-9DB2-0A2ECA04F1D7}.Debug|x64.Build.0 = Debug|x64
		{82B012C1-A976-4946-9DB2-0A2ECA04F1D7}.Debug|x86.ActiveCfg = Debug|Win32
		{82B012C1-A976-4946-9DB2-0A2ECA04F1D7}.Debug|x86.Build.0 = Debug|Win32
		{82B012C1-A976-4946-9DB2-0A2ECA04F1D7}.Release|x64.ActiveCfg = Release|x64
		{82B012C1-A976-4946-9DB2-0A2ECA04F1D7}.Release|x64.Build.0 = Release|x64
		{82B012C1-A976-4946-9DB2-0A2ECA04F1D7}.Release|x86.ActiveCfg = Release|Win32
		{82B012C1-A976-4946-9DB2-0A2ECA04F1D7}.Release|x86.Build.0 = Release|Win32
	EndGlobalSection
	GlobalSection(SolutionProperties) = preSolution
		HideSolutionNode = FALSE
	EndGlobalSection
	GlobalSection(ExtensibilityGlobals) = postSolution
		SolutionGuid = {2179C501-76FD-40DF-BB63-3E9E04C07BFD}
	EndGlobalSection
EndGlobal
