
Microsoft Visual Studio Solution File, Format Version 12.00
# Visual Studio 15
VisualStudioVersion = 15.0.26730.16
MinimumVisualStudioVersion = 10.0.40219.1
Project("{8BC9CEB8-8B4A-11D0-8D11-00A0C91BC942}") = "Lista2", "Lista2\Lista2.vcxproj", "{D2DA3F8A-3700-4388-A350-F8867E2B6747}"
EndProject
Global
	GlobalSection(SolutionConfigurationPlatforms) = preSolution
		Debug|x64 = Debug|x64
		Debug|x86 = Debug|x86
		Release|x64 = Release|x64
		Release|x86 = Release|x86
	EndGlobalSection
	GlobalSection(ProjectConfigurationPlatforms) = postSolution
		{D2DA3F8A-3700-4388-A350-F8867E2B6747}.Debug|x64.ActiveCfg = Debug|x64
		{D2DA3F8A-3700-4388-A350-F8867E2B6747}.Debug|x64.Build.0 = Debug|x64
		{D2DA3F8A-3700-4388-A350-F8867E2B6747}.Debug|x86.ActiveCfg = Debug|Win32
		{D2DA3F8A-3700-4388-A350-F8867E2B6747}.Debug|x86.Build.0 = Debug|Win32
		{D2DA3F8A-3700-4388-A350-F8867E2B6747}.Release|x64.ActiveCfg = Release|x64
		{D2DA3F8A-3700-4388-A350-F8867E2B6747}.Release|x64.Build.0 = Release|x64
		{D2DA3F8A-3700-4388-A350-F8867E2B6747}.Release|x86.ActiveCfg = Release|Win32
		{D2DA3F8A-3700-4388-A350-F8867E2B6747}.Release|x86.Build.0 = Release|Win32
	EndGlobalSection
	GlobalSection(SolutionProperties) = preSolution
		HideSolutionNode = FALSE
	EndGlobalSection
	GlobalSection(ExtensibilityGlobals) = postSolution
		SolutionGuid = {7B6F8B3F-0CD4-4CB0-8F2C-8C32688D4697}
	EndGlobalSection
EndGlobal
